
Microsoft Visual Studio Solution File, Format Version 12.00
# Visual Studio 15
VisualStudioVersion = 15.0.28307.489
MinimumVisualStudioVersion = 10.0.40219.1
Project("{FAE04EC0-301F-11D3-BF4B-00C04F79EFBC}") = "AppGPS.Android", "AppGPS\AppGPS.Android\AppGPS.Android.csproj", "{F5156246-6784-452E-98D6-D8739BB80E89}"
EndProject
Project("{FAE04EC0-301F-11D3-BF4B-00C04F79EFBC}") = "AppGPS.iOS", "AppGPS\AppGPS.iOS\AppGPS.iOS.csproj", "{46037F54-29F8-4582-BF1C-E9B527C51BEC}"
EndProject
Project("{FAE04EC0-301F-11D3-BF4B-00C04F79EFBC}") = "AppGPS.UWP", "AppGPS\AppGPS.UWP\AppGPS.UWP.csproj", "{63358B10-DE4A-48EF-B495-2F8AE2546CC1}"
EndProject
Project("{FAE04EC0-301F-11D3-BF4B-00C04F79EFBC}") = "AppGPS", "AppGPS\AppGPS\AppGPS.csproj", "{092D70AF-EF29-4781-BBC5-FC42EEFC88B8}"
EndProject
Global
	GlobalSection(SolutionConfigurationPlatforms) = preSolution
		Ad-Hoc|Any CPU = Ad-Hoc|Any CPU
		Ad-Hoc|ARM = Ad-Hoc|ARM
		Ad-Hoc|iPhone = Ad-Hoc|iPhone
		Ad-Hoc|iPhoneSimulator = Ad-Hoc|iPhoneSimulator
		Ad-Hoc|x64 = Ad-Hoc|x64
		Ad-Hoc|x86 = Ad-Hoc|x86
		AppStore|Any CPU = AppStore|Any CPU
		AppStore|ARM = AppStore|ARM
		AppStore|iPhone = AppStore|iPhone
		AppStore|iPhoneSimulator = AppStore|iPhoneSimulator
		AppStore|x64 = AppStore|x64
		AppStore|x86 = AppStore|x86
		Debug|Any CPU = Debug|Any CPU
		Debug|ARM = Debug|ARM
		Debug|iPhone = Debug|iPhone
		Debug|iPhoneSimulator = Debug|iPhoneSimulator
		Debug|x64 = Debug|x64
		Debug|x86 = Debug|x86
		Release|Any CPU = Release|Any CPU
		Release|ARM = Release|ARM
		Release|iPhone = Release|iPhone
		Release|iPhoneSimulator = Release|iPhoneSimulator
		Release|x64 = Release|x64
		Release|x86 = Release|x86
	EndGlobalSection
	GlobalSection(ProjectConfigurationPlatforms) = postSolution
		{F5156246-6784-452E-98D6-D8739BB80E89}.Ad-Hoc|Any CPU.ActiveCfg = Release|Any CPU
		{F5156246-6784-452E-98D6-D8739BB80E89}.Ad-Hoc|Any CPU.Build.0 = Release|Any CPU
		{F5156246-6784-452E-98D6-D8739BB80E89}.Ad-Hoc|Any CPU.Deploy.0 = Release|Any CPU
		{F5156246-6784-452E-98D6-D8739BB80E89}.Ad-Hoc|ARM.ActiveCfg = Release|Any CPU
		{F5156246-6784-452E-98D6-D8739BB80E89}.Ad-Hoc|ARM.Build.0 = Release|Any CPU
		{F5156246-6784-452E-98D6-D8739BB80E89}.Ad-Hoc|ARM.Deploy.0 = Release|Any CPU
		{F5156246-6784-452E-98D6-D8739BB80E89}.Ad-Hoc|iPhone.ActiveCfg = Release|Any CPU
		{F5156246-6784-452E-98D6-D8739BB80E89}.Ad-Hoc|iPhone.Build.0 = Release|Any CPU
		{F5156246-6784-452E-98D6-D8739BB80E89}.Ad-Hoc|iPhone.Deploy.0 = Release|Any CPU
		{F5156246-6784-452E-98D6-D8739BB80E89}.Ad-Hoc|iPhoneSimulator.ActiveCfg = Release|Any CPU
		{F5156246-6784-452E-98D6-D8739BB80E89}.Ad-Hoc|iPhoneSimulator.Build.0 = Release|Any CPU
		{F5156246-6784-452E-98D6-D8739BB80E89}.Ad-Hoc|iPhoneSimulator.Deploy.0 = Release|Any CPU
		{F5156246-6784-452E-98D6-D8739BB80E89}.Ad-Hoc|x64.ActiveCfg = Release|Any CPU
		{F5156246-6784-452E-98D6-D8739BB80E89}.Ad-Hoc|x64.Build.0 = Release|Any CPU
		{F5156246-6784-452E-98D6-D8739BB80E89}.Ad-Hoc|x64.Deploy.0 = Release|Any CPU
		{F5156246-6784-452E-98D6-D8739BB80E89}.Ad-Hoc|x86.ActiveCfg = Release|Any CPU
		{F5156246-6784-452E-98D6-D8739BB80E89}.Ad-Hoc|x86.Build.0 = Release|Any CPU
		{F5156246-6784-452E-98D6-D8739BB80E89}.Ad-Hoc|x86.Deploy.0 = Release|Any CPU
		{F5156246-6784-452E-98D6-D8739BB80E89}.AppStore|Any CPU.ActiveCfg = Release|Any CPU
		{F5156246-6784-452E-98D6-D8739BB80E89}.AppStore|Any CPU.Build.0 = Release|Any CPU
		{F5156246-6784-452E-98D6-D8739BB80E89}.AppStore|Any CPU.Deploy.0 = Release|Any CPU
		{F5156246-6784-452E-98D6-D8739BB80E89}.AppStore|ARM.ActiveCfg = Release|Any CPU
		{F5156246-6784-452E-98D6-D8739BB80E89}.AppStore|ARM.Build.0 = Release|Any CPU
		{F5156246-6784-452E-98D6-D8739BB80E89}.AppStore|ARM.Deploy.0 = Release|Any CPU
		{F5156246-6784-452E-98D6-D8739BB80E89}.AppStore|iPhone.ActiveCfg = Release|Any CPU
		{F5156246-6784-452E-98D6-D8739BB80E89}.AppStore|iPhone.Build.0 = Release|Any CPU
		{F5156246-6784-452E-98D6-D8739BB80E89}.AppStore|iPhone.Deploy.0 = Release|Any CPU
		{F5156246-6784-452E-98D6-D8739BB80E89}.AppStore|iPhoneSimulator.ActiveCfg = Release|Any CPU
		{F5156246-6784-452E-98D6-D8739BB80E89}.AppStore|iPhoneSimulator.Build.0 = Release|Any CPU
		{F5156246-6784-452E-98D6-D8739BB80E89}.AppStore|iPhoneSimulator.Deploy.0 = Release|Any CPU
		{F5156246-6784-452E-98D6-D8739BB80E89}.AppStore|x64.ActiveCfg = Release|Any CPU
		{F5156246-6784-452E-98D6-D8739BB80E89}.AppStore|x64.Build.0 = Release|Any CPU
		{F5156246-6784-452E-98D6-D8739BB80E89}.AppStore|x64.Deploy.0 = Release|Any CPU
		{F5156246-6784-452E-98D6-D8739BB80E89}.AppStore|x86.ActiveCfg = Release|Any CPU
		{F5156246-6784-452E-98D6-D8739BB80E89}.AppStore|x86.Build.0 = Release|Any CPU
		{F5156246-6784-452E-98D6-D8739BB80E89}.AppStore|x86.Deploy.0 = Release|Any CPU
		{F5156246-6784-452E-98D6-D8739BB80E89}.Debug|Any CPU.ActiveCfg = Debug|Any CPU
		{F5156246-6784-452E-98D6-D8739BB80E89}.Debug|Any CPU.Build.0 = Debug|Any CPU
		{F5156246-6784-452E-98D6-D8739BB80E89}.Debug|Any CPU.Deploy.0 = Debug|Any CPU
		{F5156246-6784-452E-98D6-D8739BB80E89}.Debug|ARM.ActiveCfg = Debug|Any CPU
		{F5156246-6784-452E-98D6-D8739BB80E89}.Debug|ARM.Build.0 = Debug|Any CPU
		{F5156246-6784-452E-98D6-D8739BB80E89}.Debug|ARM.Deploy.0 = Debug|Any CPU
		{F5156246-6784-452E-98D6-D8739BB80E89}.Debug|iPhone.ActiveCfg = Debug|Any CPU
		{F5156246-6784-452E-98D6-D8739BB80E89}.Debug|iPhone.Build.0 = Debug|Any CPU
		{F5156246-6784-452E-98D6-D8739BB80E89}.Debug|iPhone.Deploy.0 = Debug|Any CPU
		{F5156246-6784-452E-98D6-D8739BB80E89}.Debug|iPhoneSimulator.ActiveCfg = Debug|Any CPU
		{F5156246-6784-452E-98D6-D8739BB80E89}.Debug|iPhoneSimulator.Build.0 = Debug|Any CPU
		{F5156246-6784-452E-98D6-D8739BB80E89}.Debug|iPhoneSimulator.Deploy.0 = Debug|Any CPU
		{F5156246-6784-452E-98D6-D8739BB80E89}.Debug|x64.ActiveCfg = Debug|Any CPU
		{F5156246-6784-452E-98D6-D8739BB80E89}.Debug|x64.Build.0 = Debug|Any CPU
		{F5156246-6784-452E-98D6-D8739BB80E89}.Debug|x64.Deploy.0 = Debug|Any CPU
		{F5156246-6784-452E-98D6-D8739BB80E89}.Debug|x86.ActiveCfg = Debug|Any CPU
		{F5156246-6784-452E-98D6-D8739BB80E89}.Debug|x86.Build.0 = Debug|Any CPU
		{F5156246-6784-452E-98D6-D8739BB80E89}.Debug|x86.Deploy.0 = Debug|Any CPU
		{F5156246-6784-452E-98D6-D8739BB80E89}.Release|Any CPU.ActiveCfg = Release|Any CPU
		{F5156246-6784-452E-98D6-D8739BB80E89}.Release|Any CPU.Build.0 = Release|Any CPU
		{F5156246-6784-452E-98D6-D8739BB80E89}.Release|Any CPU.Deploy.0 = Release|Any CPU
		{F5156246-6784-452E-98D6-D8739BB80E89}.Release|ARM.ActiveCfg = Release|Any CPU
		{F5156246-6784-452E-98D6-D8739BB80E89}.Release|ARM.Build.0 = Release|Any CPU
		{F5156246-6784-452E-98D6-D8739BB80E89}.Release|ARM.Deploy.0 = Release|Any CPU
		{F5156246-6784-452E-98D6-D8739BB80E89}.Release|iPhone.ActiveCfg = Release|Any CPU
		{F5156246-6784-452E-98D6-D8739BB80E89}.Release|iPhone.Build.0 = Release|Any CPU
		{F5156246-6784-452E-98D6-D8739BB80E89}.Release|iPhone.Deploy.0 = Release|Any CPU
		{F5156246-6784-452E-98D6-D8739BB80E89}.Release|iPhoneSimulator.ActiveCfg = Release|Any CPU
		{F5156246-6784-452E-98D6-D8739BB80E89}.Release|iPhoneSimulator.Build.0 = Release|Any CPU
		{F5156246-6784-452E-98D6-D8739BB80E89}.Release|iPhoneSimulator.Deploy.0 = Release|Any CPU
		{F5156246-6784-452E-98D6-D8739BB80E89}.Release|x64.ActiveCfg = Release|Any CPU
		{F5156246-6784-452E-98D6-D8739BB80E89}.Release|x64.Build.0 = Release|Any CPU
		{F5156246-6784-452E-98D6-D8739BB80E89}.Release|x64.Deploy.0 = Release|Any CPU
		{F5156246-6784-452E-98D6-D8739BB80E89}.Release|x86.ActiveCfg = Release|Any CPU
		{F5156246-6784-452E-98D6-D8739BB80E89}.Release|x86.Build.0 = Release|Any CPU
		{F5156246-6784-452E-98D6-D8739BB80E89}.Release|x86.Deploy.0 = Release|Any CPU
		{46037F54-29F8-4582-BF1C-E9B527C51BEC}.Ad-Hoc|Any CPU.ActiveCfg = Ad-Hoc|iPhone
		{46037F54-29F8-4582-BF1C-E9B527C51BEC}.Ad-Hoc|Any CPU.Build.0 = Ad-Hoc|iPhone
		{46037F54-29F8-4582-BF1C-E9B527C51BEC}.Ad-Hoc|Any CPU.Deploy.0 = Ad-Hoc|iPhone
		{46037F54-29F8-4582-BF1C-E9B527C51BEC}.Ad-Hoc|ARM.ActiveCfg = Ad-Hoc|iPhone
		{46037F54-29F8-4582-BF1C-E9B527C51BEC}.Ad-Hoc|ARM.Build.0 = Ad-Hoc|iPhone
		{46037F54-29F8-4582-BF1C-E9B527C51BEC}.Ad-Hoc|ARM.Deploy.0 = Ad-Hoc|iPhone
		{46037F54-29F8-4582-BF1C-E9B527C51BEC}.Ad-Hoc|iPhone.ActiveCfg = Ad-Hoc|iPhone
		{46037F54-29F8-4582-BF1C-E9B527C51BEC}.Ad-Hoc|iPhone.Build.0 = Ad-Hoc|iPhone
		{46037F54-29F8-4582-BF1C-E9B527C51BEC}.Ad-Hoc|iPhone.Deploy.0 = Ad-Hoc|iPhone
		{46037F54-29F8-4582-BF1C-E9B527C51BEC}.Ad-Hoc|iPhoneSimulator.ActiveCfg = Ad-Hoc|iPhoneSimulator
		{46037F54-29F8-4582-BF1C-E9B527C51BEC}.Ad-Hoc|iPhoneSimulator.Build.0 = Ad-Hoc|iPhoneSimulator
		{46037F54-29F8-4582-BF1C-E9B527C51BEC}.Ad-Hoc|iPhoneSimulator.Deploy.0 = Ad-Hoc|iPhoneSimulator
		{46037F54-29F8-4582-BF1C-E9B527C51BEC}.Ad-Hoc|x64.ActiveCfg = Ad-Hoc|iPhone
		{46037F54-29F8-4582-BF1C-E9B527C51BEC}.Ad-Hoc|x64.Build.0 = Ad-Hoc|iPhone
		{46037F54-29F8-4582-BF1C-E9B527C51BEC}.Ad-Hoc|x64.Deploy.0 = Ad-Hoc|iPhone
		{46037F54-29F8-4582-BF1C-E9B527C51BEC}.Ad-Hoc|x86.ActiveCfg = Ad-Hoc|iPhone
		{46037F54-29F8-4582-BF1C-E9B527C51BEC}.Ad-Hoc|x86.Build.0 = Ad-Hoc|iPhone
		{46037F54-29F8-4582-BF1C-E9B527C51BEC}.Ad-Hoc|x86.Deploy.0 = Ad-Hoc|iPhone
		{46037F54-29F8-4582-BF1C-E9B527C51BEC}.AppStore|Any CPU.ActiveCfg = AppStore|iPhone
		{46037F54-29F8-4582-BF1C-E9B527C51BEC}.AppStore|Any CPU.Build.0 = AppStore|iPhone
		{46037F54-29F8-4582-BF1C-E9B527C51BEC}.AppStore|Any CPU.Deploy.0 = AppStore|iPhone
		{46037F54-29F8-4582-BF1C-E9B527C51BEC}.AppStore|ARM.ActiveCfg = AppStore|iPhone
		{46037F54-29F8-4582-BF1C-E9B527C51BEC}.AppStore|ARM.Build.0 = AppStore|iPhone
		{46037F54-29F8-4582-BF1C-E9B527C51BEC}.AppStore|ARM.Deploy.0 = AppStore|iPhone
		{46037F54-29F8-4582-BF1C-E9B527C51BEC}.AppStore|iPhone.ActiveCfg = AppStore|iPhone
		{46037F54-29F8-4582-BF1C-E9B527C51BEC}.AppStore|iPhone.Build.0 = AppStore|iPhone
		{46037F54-29F8-4582-BF1C-E9B527C51BEC}.AppStore|iPhone.Deploy.0 = AppStore|iPhone
		{46037F54-29F8-4582-BF1C-E9B527C51BEC}.AppStore|iPhoneSimulator.ActiveCfg = AppStore|iPhoneSimulator
		{46037F54-29F8-4582-BF1C-E9B527C51BEC}.AppStore|iPhoneSimulator.Build.0 = AppStore|iPhoneSimulator
		{46037F54-29F8-4582-BF1C-E9B527C51BEC}.AppStore|iPhoneSimulator.Deploy.0 = AppStore|iPhoneSimulator
		{46037F54-29F8-4582-BF1C-E9B527C51BEC}.AppStore|x64.ActiveCfg = AppStore|iPhone
		{46037F54-29F8-4582-BF1C-E9B527C51BEC}.AppStore|x64.Build.0 = AppStore|iPhone
		{46037F54-29F8-4582-BF1C-E9B527C51BEC}.AppStore|x64.Deploy.0 = AppStore|iPhone
		{46037F54-29F8-4582-BF1C-E9B527C51BEC}.AppStore|x86.ActiveCfg = AppStore|iPhone
		{46037F54-29F8-4582-BF1C-E9B527C51BEC}.AppStore|x86.Build.0 = AppStore|iPhone
		{46037F54-29F8-4582-BF1C-E9B527C51BEC}.AppStore|x86.Deploy.0 = AppStore|iPhone
		{46037F54-29F8-4582-BF1C-E9B527C51BEC}.Debug|Any CPU.ActiveCfg = Debug|iPhoneSimulator
		{46037F54-29F8-4582-BF1C-E9B527C51BEC}.Debug|Any CPU.Build.0 = Debug|iPhoneSimulator
		{46037F54-29F8-4582-BF1C-E9B527C51BEC}.Debug|Any CPU.Deploy.0 = Debug|iPhoneSimulator
		{46037F54-29F8-4582-BF1C-E9B527C51BEC}.Debug|ARM.ActiveCfg = Debug|iPhone
		{46037F54-29F8-4582-BF1C-E9B527C51BEC}.Debug|ARM.Build.0 = Debug|iPhone
		{46037F54-29F8-4582-BF1C-E9B527C51BEC}.Debug|ARM.Deploy.0 = Debug|iPhone
		{46037F54-29F8-4582-BF1C-E9B527C51BEC}.Debug|iPhone.ActiveCfg = Debug|iPhone
		{46037F54-29F8-4582-BF1C-E9B527C51BEC}.Debug|iPhone.Build.0 = Debug|iPhone
		{46037F54-29F8-4582-BF1C-E9B527C51BEC}.Debug|iPhone.Deploy.0 = Debug|iPhone
		{46037F54-29F8-4582-BF1C-E9B527C51BEC}.Debug|iPhoneSimulator.ActiveCfg = Debug|iPhoneSimulator
		{46037F54-29F8-4582-BF1C-E9B527C51BEC}.Debug|iPhoneSimulator.Build.0 = Debug|iPhoneSimulator
		{46037F54-29F8-4582-BF1C-E9B527C51BEC}.Debug|iPhoneSimulator.Deploy.0 = Debug|iPhoneSimulator
		{46037F54-29F8-4582-BF1C-E9B527C51BEC}.Debug|x64.ActiveCfg = Debug|iPhone
		{46037F54-29F8-4582-BF1C-E9B527C51BEC}.Debug|x64.Build.0 = Debug|iPhone
		{46037F54-29F8-4582-BF1C-E9B527C51BEC}.Debug|x64.Deploy.0 = Debug|iPhone
		{46037F54-29F8-4582-BF1C-E9B527C51BEC}.Debug|x86.ActiveCfg = Debug|iPhone
		{46037F54-29F8-4582-BF1C-E9B527C51BEC}.Debug|x86.Build.0 = Debug|iPhone
		{46037F54-29F8-4582-BF1C-E9B527C51BEC}.Debug|x86.Deploy.0 = Debug|iPhone
		{46037F54-29F8-4582-BF1C-E9B527C51BEC}.Release|Any CPU.ActiveCfg = Release|iPhone
		{46037F54-29F8-4582-BF1C-E9B527C51BEC}.Release|Any CPU.Build.0 = Release|iPhone
		{46037F54-29F8-4582-BF1C-E9B527C51BEC}.Release|Any CPU.Deploy.0 = Release|iPhone
		{46037F54-29F8-4582-BF1C-E9B527C51BEC}.Release|ARM.ActiveCfg = Release|iPhone
		{46037F54-29F8-4582-BF1C-E9B527C51BEC}.Release|ARM.Build.0 = Release|iPhone
		{46037F54-29F8-4582-BF1C-E9B527C51BEC}.Release|ARM.Deploy.0 = Release|iPhone
		{46037F54-29F8-4582-BF1C-E9B527C51BEC}.Release|iPhone.ActiveCfg = Release|iPhone
		{46037F54-29F8-4582-BF1C-E9B527C51BEC}.Release|iPhone.Build.0 = Release|iPhone
		{46037F54-29F8-4582-BF1C-E9B527C51BEC}.Release|iPhone.Deploy.0 = Release|iPhone
		{46037F54-29F8-4582-BF1C-E9B527C51BEC}.Release|iPhoneSimulator.ActiveCfg = Release|iPhoneSimulator
		{46037F54-29F8-4582-BF1C-E9B527C51BEC}.Release|iPhoneSimulator.Build.0 = Release|iPhoneSimulator
		{46037F54-29F8-4582-BF1C-E9B527C51BEC}.Release|iPhoneSimulator.Deploy.0 = Release|iPhoneSimulator
		{46037F54-29F8-4582-BF1C-E9B527C51BEC}.Release|x64.ActiveCfg = Release|iPhone
		{46037F54-29F8-4582-BF1C-E9B527C51BEC}.Release|x64.Build.0 = Release|iPhone
		{46037F54-29F8-4582-BF1C-E9B527C51BEC}.Release|x64.Deploy.0 = Release|iPhone
		{46037F54-29F8-4582-BF1C-E9B527C51BEC}.Release|x86.ActiveCfg = Release|iPhone
		{46037F54-29F8-4582-BF1C-E9B527C51BEC}.Release|x86.Build.0 = Release|iPhone
		{46037F54-29F8-4582-BF1C-E9B527C51BEC}.Release|x86.Deploy.0 = Release|iPhone
		{63358B10-DE4A-48EF-B495-2F8AE2546CC1}.Ad-Hoc|Any CPU.ActiveCfg = Release|x86
		{63358B10-DE4A-48EF-B495-2F8AE2546CC1}.Ad-Hoc|Any CPU.Build.0 = Release|x86
		{63358B10-DE4A-48EF-B495-2F8AE2546CC1}.Ad-Hoc|Any CPU.Deploy.0 = Release|x86
		{63358B10-DE4A-48EF-B495-2F8AE2546CC1}.Ad-Hoc|ARM.ActiveCfg = Release|ARM
		{63358B10-DE4A-48EF-B495-2F8AE2546CC1}.Ad-Hoc|ARM.Build.0 = Release|ARM
		{63358B10-DE4A-48EF-B495-2F8AE2546CC1}.Ad-Hoc|ARM.Deploy.0 = Release|ARM
		{63358B10-DE4A-48EF-B495-2F8AE2546CC1}.Ad-Hoc|iPhone.ActiveCfg = Release|x86
		{63358B10-DE4A-48EF-B495-2F8AE2546CC1}.Ad-Hoc|iPhone.Build.0 = Release|x86
		{63358B10-DE4A-48EF-B495-2F8AE2546CC1}.Ad-Hoc|iPhone.Deploy.0 = Release|x86
		{63358B10-DE4A-48EF-B495-2F8AE2546CC1}.Ad-Hoc|iPhoneSimulator.ActiveCfg = Release|x86
		{63358B10-DE4A-48EF-B495-2F8AE2546CC1}.Ad-Hoc|iPhoneSimulator.Build.0 = Release|x86
		{63358B10-DE4A-48EF-B495-2F8AE2546CC1}.Ad-Hoc|iPhoneSimulator.Deploy.0 = Release|x86
		{63358B10-DE4A-48EF-B495-2F8AE2546CC1}.Ad-Hoc|x64.ActiveCfg = Release|x64
		{63358B10-DE4A-48EF-B495-2F8AE2546CC1}.Ad-Hoc|x64.Build.0 = Release|x64
		{63358B10-DE4A-48EF-B495-2F8AE2546CC1}.Ad-Hoc|x64.Deploy.0 = Release|x64
		{63358B10-DE4A-48EF-B495-2F8AE2546CC1}.Ad-Hoc|x86.ActiveCfg = Release|x86
		{63358B10-DE4A-48EF-B495-2F8AE2546CC1}.Ad-Hoc|x86.Build.0 = Release|x86
		{63358B10-DE4A-48EF-B495-2F8AE2546CC1}.Ad-Hoc|x86.Deploy.0 = Release|x86
		{63358B10-DE4A-48EF-B495-2F8AE2546CC1}.AppStore|Any CPU.ActiveCfg = Release|x86
		{63358B10-DE4A-48EF-B495-2F8AE2546CC1}.AppStore|Any CPU.Build.0 = Release|x86
		{63358B10-DE4A-48EF-B495-2F8AE2546CC1}.AppStore|Any CPU.Deploy.0 = Release|x86
		{63358B10-DE4A-48EF-B495-2F8AE2546CC1}.AppStore|ARM.ActiveCfg = Release|ARM
		{63358B10-DE4A-48EF-B495-2F8AE2546CC1}.AppStore|ARM.Build.0 = Release|ARM
		{63358B10-DE4A-48EF-B495-2F8AE2546CC1}.AppStore|ARM.Deploy.0 = Release|ARM
		{63358B10-DE4A-48EF-B495-2F8AE2546CC1}.AppStore|iPhone.ActiveCfg = Release|x86
		{63358B10-DE4A-48EF-B495-2F8AE2546CC1}.AppStore|iPhone.Build.0 = Release|x86
		{63358B10-DE4A-48EF-B495-2F8AE2546CC1}.AppStore|iPhone.Deploy.0 = Release|x86
		{63358B10-DE4A-48EF-B495-2F8AE2546CC1}.AppStore|iPhoneSimulator.ActiveCfg = Release|x86
		{63358B10-DE4A-48EF-B495-2F8AE2546CC1}.AppStore|iPhoneSimulator.Build.0 = Release|x86
		{63358B10-DE4A-48EF-B495-2F8AE2546CC1}.AppStore|iPhoneSimulator.Deploy.0 = Release|x86
		{63358B10-DE4A-48EF-B495-2F8AE2546CC1}.AppStore|x64.ActiveCfg = Release|x64
		{63358B10-DE4A-48EF-B495-2F8AE2546CC1}.AppStore|x64.Build.0 = Release|x64
		{63358B10-DE4A-48EF-B495-2F8AE2546CC1}.AppStore|x64.Deploy.0 = Release|x64
		{63358B10-DE4A-48EF-B495-2F8AE2546CC1}.AppStore|x86.ActiveCfg = Release|x86
		{63358B10-DE4A-48EF-B495-2F8AE2546CC1}.AppStore|x86.Build.0 = Release|x86
		{63358B10-DE4A-48EF-B495-2F8AE2546CC1}.AppStore|x86.Deploy.0 = Release|x86
		{63358B10-DE4A-48EF-B495-2F8AE2546CC1}.Debug|Any CPU.ActiveCfg = Debug|x86
		{63358B10-DE4A-48EF-B495-2F8AE2546CC1}.Debug|Any CPU.Build.0 = Debug|x86
		{63358B10-DE4A-48EF-B495-2F8AE2546CC1}.Debug|Any CPU.Deploy.0 = Debug|x86
		{63358B10-DE4A-48EF-B495-2F8AE2546CC1}.Debug|ARM.ActiveCfg = Debug|ARM
		{63358B10-DE4A-48EF-B495-2F8AE2546CC1}.Debug|ARM.Build.0 = Debug|ARM
		{63358B10-DE4A-48EF-B495-2F8AE2546CC1}.Debug|ARM.Deploy.0 = Debug|ARM
		{63358B10-DE4A-48EF-B495-2F8AE2546CC1}.Debug|iPhone.ActiveCfg = Debug|x86
		{63358B10-DE4A-48EF-B495-2F8AE2546CC1}.Debug|iPhone.Build.0 = Debug|x86
		{63358B10-DE4A-48EF-B495-2F8AE2546CC1}.Debug|iPhone.Deploy.0 = Debug|x86
		{63358B10-DE4A-48EF-B495-2F8AE2546CC1}.Debug|iPhoneSimulator.ActiveCfg = Debug|x86
		{63358B10-DE4A-48EF-B495-2F8AE2546CC1}.Debug|iPhoneSimulator.Build.0 = Debug|x86
		{63358B10-DE4A-48EF-B495-2F8AE2546CC1}.Debug|iPhoneSimulator.Deploy.0 = Debug|x86
		{63358B10-DE4A-48EF-B495-2F8AE2546CC1}.Debug|x64.ActiveCfg = Debug|x64
		{63358B10-DE4A-48EF-B495-2F8AE2546CC1}.Debug|x64.Build.0 = Debug|x64
		{63358B10-DE4A-48EF-B495-2F8AE2546CC1}.Debug|x64.Deploy.0 = Debug|x64
		{63358B10-DE4A-48EF-B495-2F8AE2546CC1}.Debug|x86.ActiveCfg = Debug|x86
		{63358B10-DE4A-48EF-B495-2F8AE2546CC1}.Debug|x86.Build.0 = Debug|x86
		{63358B10-DE4A-48EF-B495-2F8AE2546CC1}.Debug|x86.Deploy.0 = Debug|x86
		{63358B10-DE4A-48EF-B495-2F8AE2546CC1}.Release|Any CPU.ActiveCfg = Release|x86
		{63358B10-DE4A-48EF-B495-2F8AE2546CC1}.Release|Any CPU.Build.0 = Release|x86
		{63358B10-DE4A-48EF-B495-2F8AE2546CC1}.Release|Any CPU.Deploy.0 = Release|x86
		{63358B10-DE4A-48EF-B495-2F8AE2546CC1}.Release|ARM.ActiveCfg = Release|ARM
		{63358B10-DE4A-48EF-B495-2F8AE2546CC1}.Release|ARM.Build.0 = Release|ARM
		{63358B10-DE4A-48EF-B495-2F8AE2546CC1}.Release|ARM.Deploy.0 = Release|ARM
		{63358B10-DE4A-48EF-B495-2F8AE2546CC1}.Release|iPhone.ActiveCfg = Release|x86
		{63358B10-DE4A-48EF-B495-2F8AE2546CC1}.Release|iPhone.Build.0 = Release|x86
		{63358B10-DE4A-48EF-B495-2F8AE2546CC1}.Release|iPhone.Deploy.0 = Release|x86
		{63358B10-DE4A-48EF-B495-2F8AE2546CC1}.Release|iPhoneSimulator.ActiveCfg = Release|x86
		{63358B10-DE4A-48EF-B495-2F8AE2546CC1}.Release|iPhoneSimulator.Build.0 = Release|x86
		{63358B10-DE4A-48EF-B495-2F8AE2546CC1}.Release|iPhoneSimulator.Deploy.0 = Release|x86
		{63358B10-DE4A-48EF-B495-2F8AE2546CC1}.Release|x64.ActiveCfg = Release|x64
		{63358B10-DE4A-48EF-B495-2F8AE2546CC1}.Release|x64.Build.0 = Release|x64
		{63358B10-DE4A-48EF-B495-2F8AE2546CC1}.Release|x64.Deploy.0 = Release|x64
		{63358B10-DE4A-48EF-B495-2F8AE2546CC1}.Release|x86.ActiveCfg = Release|x86
		{63358B10-DE4A-48EF-B495-2F8AE2546CC1}.Release|x86.Build.0 = Release|x86
		{63358B10-DE4A-48EF-B495-2F8AE2546CC1}.Release|x86.Deploy.0 = Release|x86
		{092D70AF-EF29-4781-BBC5-FC42EEFC88B8}.Ad-Hoc|Any CPU.ActiveCfg = Debug|Any CPU
		{092D70AF-EF29-4781-BBC5-FC42EEFC88B8}.Ad-Hoc|Any CPU.Build.0 = Debug|Any CPU
		{092D70AF-EF29-4781-BBC5-FC42EEFC88B8}.Ad-Hoc|Any CPU.Deploy.0 = Debug|Any CPU
		{092D70AF-EF29-4781-BBC5-FC42EEFC88B8}.Ad-Hoc|ARM.ActiveCfg = Debug|Any CPU
		{092D70AF-EF29-4781-BBC5-FC42EEFC88B8}.Ad-Hoc|ARM.Build.0 = Debug|Any CPU
		{092D70AF-EF29-4781-BBC5-FC42EEFC88B8}.Ad-Hoc|ARM.Deploy.0 = Debug|Any CPU
		{092D70AF-EF29-4781-BBC5-FC42EEFC88B8}.Ad-Hoc|iPhone.ActiveCfg = Debug|Any CPU
		{092D70AF-EF29-4781-BBC5-FC42EEFC88B8}.Ad-Hoc|iPhone.Build.0 = Debug|Any CPU
		{092D70AF-EF29-4781-BBC5-FC42EEFC88B8}.Ad-Hoc|iPhone.Deploy.0 = Debug|Any CPU
		{092D70AF-EF29-4781-BBC5-FC42EEFC88B8}.Ad-Hoc|iPhoneSimulator.ActiveCfg = Debug|Any CPU
		{092D70AF-EF29-4781-BBC5-FC42EEFC88B8}.Ad-Hoc|iPhoneSimulator.Build.0 = Debug|Any CPU
		{092D70AF-EF29-4781-BBC5-FC42EEFC88B8}.Ad-Hoc|iPhoneSimulator.Deploy.0 = Debug|Any CPU
		{092D70AF-EF29-4781-BBC5-FC42EEFC88B8}.Ad-Hoc|x64.ActiveCfg = Debug|Any CPU
		{092D70AF-EF29-4781-BBC5-FC42EEFC88B8}.Ad-Hoc|x64.Build.0 = Debug|Any CPU
		{092D70AF-EF29-4781-BBC5-FC42EEFC88B8}.Ad-Hoc|x64.Deploy.0 = Debug|Any CPU
		{092D70AF-EF29-4781-BBC5-FC42EEFC88B8}.Ad-Hoc|x86.ActiveCfg = Debug|Any CPU
		{092D70AF-EF29-4781-BBC5-FC42EEFC88B8}.Ad-Hoc|x86.Build.0 = Debug|Any CPU
		{092D70AF-EF29-4781-BBC5-FC42EEFC88B8}.Ad-Hoc|x86.Deploy.0 = Debug|Any CPU
		{092D70AF-EF29-4781-BBC5-FC42EEFC88B8}.AppStore|Any CPU.ActiveCfg = Debug|Any CPU
		{092D70AF-EF29-4781-BBC5-FC42EEFC88B8}.AppStore|Any CPU.Build.0 = Debug|Any CPU
		{092D70AF-EF29-4781-BBC5-FC42EEFC88B8}.AppStore|Any CPU.Deploy.0 = Debug|Any CPU
		{092D70AF-EF29-4781-BBC5-FC42EEFC88B8}.AppStore|ARM.ActiveCfg = Debug|Any CPU
		{092D70AF-EF29-4781-BBC5-FC42EEFC88B8}.AppStore|ARM.Build.0 = Debug|Any CPU
		{092D70AF-EF29-4781-BBC5-FC42EEFC88B8}.AppStore|ARM.Deploy.0 = Debug|Any CPU
		{092D70AF-EF29-4781-BBC5-FC42EEFC88B8}.AppStore|iPhone.ActiveCfg = Debug|Any CPU
		{092D70AF-EF29-4781-BBC5-FC42EEFC88B8}.AppStore|iPhone.Build.0 = Debug|Any CPU
		{092D70AF-EF29-4781-BBC5-FC42EEFC88B8}.AppStore|iPhone.Deploy.0 = Debug|Any CPU
		{092D70AF-EF29-4781-BBC5-FC42EEFC88B8}.AppStore|iPhoneSimulator.ActiveCfg = Debug|Any CPU
		{092D70AF-EF29-4781-BBC5-FC42EEFC88B8}.AppStore|iPhoneSimulator.Build.0 = Debug|Any CPU
		{092D70AF-EF29-4781-BBC5-FC42EEFC88B8}.AppStore|iPhoneSimulator.Deploy.0 = Debug|Any CPU
		{092D70AF-EF29-4781-BBC5-FC42EEFC88B8}.AppStore|x64.ActiveCfg = Debug|Any CPU
		{092D70AF-EF29-4781-BBC5-FC42EEFC88B8}.AppStore|x64.Build.0 = Debug|Any CPU
		{092D70AF-EF29-4781-BBC5-FC42EEFC88B8}.AppStore|x64.Deploy.0 = Debug|Any CPU
		{092D70AF-EF29-4781-BBC5-FC42EEFC88B8}.AppStore|x86.ActiveCfg = Debug|Any CPU
		{092D70AF-EF29-4781-BBC5-FC42EEFC88B8}.AppStore|x86.Build.0 = Debug|Any CPU
		{092D70AF-EF29-4781-BBC5-FC42EEFC88B8}.AppStore|x86.Deploy.0 = Debug|Any CPU
		{092D70AF-EF29-4781-BBC5-FC42EEFC88B8}.Debug|Any CPU.ActiveCfg = Debug|Any CPU
		{092D70AF-EF29-4781-BBC5-FC42EEFC88B8}.Debug|Any CPU.Build.0 = Debug|Any CPU
		{092D70AF-EF29-4781-BBC5-FC42EEFC88B8}.Debug|Any CPU.Deploy.0 = Debug|Any CPU
		{092D70AF-EF29-4781-BBC5-FC42EEFC88B8}.Debug|ARM.ActiveCfg = Debug|Any CPU
		{092D70AF-EF29-4781-BBC5-FC42EEFC88B8}.Debug|ARM.Build.0 = Debug|Any CPU
		{092D70AF-EF29-4781-BBC5-FC42EEFC88B8}.Debug|ARM.Deploy.0 = Debug|Any CPU
		{092D70AF-EF29-4781-BBC5-FC42EEFC88B8}.Debug|iPhone.ActiveCfg = Debug|Any CPU
		{092D70AF-EF29-4781-BBC5-FC42EEFC88B8}.Debug|iPhone.Build.0 = Debug|Any CPU
		{092D70AF-EF29-4781-BBC5-FC42EEFC88B8}.Debug|iPhone.Deploy.0 = Debug|Any CPU
		{092D70AF-EF29-4781-BBC5-FC42EEFC88B8}.Debug|iPhoneSimulator.ActiveCfg = Debug|Any CPU
		{092D70AF-EF29-4781-BBC5-FC42EEFC88B8}.Debug|iPhoneSimulator.Build.0 = Debug|Any CPU
		{092D70AF-EF29-4781-BBC5-FC42EEFC88B8}.Debug|iPhoneSimulator.Deploy.0 = Debug|Any CPU
		{092D70AF-EF29-4781-BBC5-FC42EEFC88B8}.Debug|x64.ActiveCfg = Debug|Any CPU
		{092D70AF-EF29-4781-BBC5-FC42EEFC88B8}.Debug|x64.Build.0 = Debug|Any CPU
		{092D70AF-EF29-4781-BBC5-FC42EEFC88B8}.Debug|x64.Deploy.0 = Debug|Any CPU
		{092D70AF-EF29-4781-BBC5-FC42EEFC88B8}.Debug|x86.ActiveCfg = Debug|Any CPU
		{092D70AF-EF29-4781-BBC5-FC42EEFC88B8}.Debug|x86.Build.0 = Debug|Any CPU
		{092D70AF-EF29-4781-BBC5-FC42EEFC88B8}.Debug|x86.Deploy.0 = Debug|Any CPU
		{092D70AF-EF29-4781-BBC5-FC42EEFC88B8}.Release|Any CPU.ActiveCfg = Release|Any CPU
		{092D70AF-EF29-4781-BBC5-FC42EEFC88B8}.Release|Any CPU.Build.0 = Release|Any CPU
		{092D70AF-EF29-4781-BBC5-FC42EEFC88B8}.Release|Any CPU.Deploy.0 = Release|Any CPU
		{092D70AF-EF29-4781-BBC5-FC42EEFC88B8}.Release|ARM.ActiveCfg = Release|Any CPU
		{092D70AF-EF29-4781-BBC5-FC42EEFC88B8}.Release|ARM.Build.0 = Release|Any CPU
		{092D70AF-EF29-4781-BBC5-FC42EEFC88B8}.Release|ARM.Deploy.0 = Release|Any CPU
		{092D70AF-EF29-4781-BBC5-FC42EEFC88B8}.Release|iPhone.ActiveCfg = Release|Any CPU
		{092D70AF-EF29-4781-BBC5-FC42EEFC88B8}.Release|iPhone.Build.0 = Release|Any CPU
		{092D70AF-EF29-4781-BBC5-FC42EEFC88B8}.Release|iPhone.Deploy.0 = Release|Any CPU
		{092D70AF-EF29-4781-BBC5-FC42EEFC88B8}.Release|iPhoneSimulator.ActiveCfg = Release|Any CPU
		{092D70AF-EF29-4781-BBC5-FC42EEFC88B8}.Release|iPhoneSimulator.Build.0 = Release|Any CPU
		{092D70AF-EF29-4781-BBC5-FC42EEFC88B8}.Release|iPhoneSimulator.Deploy.0 = Release|Any CPU
		{092D70AF-EF29-4781-BBC5-FC42EEFC88B8}.Release|x64.ActiveCfg = Release|Any CPU
		{092D70AF-EF29-4781-BBC5-FC42EEFC88B8}.Release|x64.Build.0 = Release|Any CPU
		{092D70AF-EF29-4781-BBC5-FC42EEFC88B8}.Release|x64.Deploy.0 = Release|Any CPU
		{092D70AF-EF29-4781-BBC5-FC42EEFC88B8}.Release|x86.ActiveCfg = Release|Any CPU
		{092D70AF-EF29-4781-BBC5-FC42EEFC88B8}.Release|x86.Build.0 = Release|Any CPU
		{092D70AF-EF29-4781-BBC5-FC42EEFC88B8}.Release|x86.Deploy.0 = Release|Any CPU
	EndGlobalSection
	GlobalSection(SolutionProperties) = preSolution
		HideSolutionNode = FALSE
	EndGlobalSection
	GlobalSection(ExtensibilityGlobals) = postSolution
		SolutionGuid = {DCF4DE0F-B56D-450C-AE8B-41F3E2EE78CB}
	EndGlobalSection
EndGlobal
